// !$*UTF8*$!
{
	archiveVersion = 1;
	classes = {
	};
	objectVersion = 55;
	objects = {

/* Begin PBXBuildFile section */
		3E05744928C69C08006470DE /* CustomTextField.swift in Sources */ = {isa = PBXBuildFile; fileRef = 3E05744828C69C08006470DE /* CustomTextField.swift */; };
		3E546BFE28C2163400CEBD29 /* RiveRuntime in Frameworks */ = {isa = PBXBuildFile; productRef = 3E546BFD28C2163400CEBD29 /* RiveRuntime */; };
		3E546C0028C2173A00CEBD29 /* OnboardingView.swift in Sources */ = {isa = PBXBuildFile; fileRef = 3E546BFF28C2173A00CEBD29 /* OnboardingView.swift */; };
		3E546C0928C218C500CEBD29 /* house.riv in Resources */ = {isa = PBXBuildFile; fileRef = 3E546C0228C218C500CEBD29 /* house.riv */; };
		3E546C0A28C218C500CEBD29 /* confetti.riv in Resources */ = {isa = PBXBuildFile; fileRef = 3E546C0328C218C500CEBD29 /* confetti.riv */; };
		3E546C0B28C218C500CEBD29 /* check.riv in Resources */ = {isa = PBXBuildFile; fileRef = 3E546C0428C218C500CEBD29 /* check.riv */; };
		3E546C0C28C218C500CEBD29 /* menu_button.riv in Resources */ = {isa = PBXBuildFile; fileRef = 3E546C0528C218C500CEBD29 /* menu_button.riv */; };
		3E546C0D28C218C500CEBD29 /* shapes.riv in Resources */ = {isa = PBXBuildFile; fileRef = 3E546C0628C218C500CEBD29 /* shapes.riv */; };
		3E546C0E28C218C500CEBD29 /* button.riv in Resources */ = {isa = PBXBuildFile; fileRef = 3E546C0728C218C500CEBD29 /* button.riv */; };
		3E546C0F28C218C500CEBD29 /* icons.riv in Resources */ = {isa = PBXBuildFile; fileRef = 3E546C0828C218C500CEBD29 /* icons.riv */; };
		3E546C1428C25D5400CEBD29 /* Inter-Regular.ttf in Resources */ = {isa = PBXBuildFile; fileRef = 3E546C1128C25D5400CEBD29 /* Inter-Regular.ttf */; };
		3E546C1528C25D5400CEBD29 /* Poppins-Bold.ttf in Resources */ = {isa = PBXBuildFile; fileRef = 3E546C1228C25D5400CEBD29 /* Poppins-Bold.ttf */; };
		3E546C1628C25D5400CEBD29 /* Inter-SemiBold.ttf in Resources */ = {isa = PBXBuildFile; fileRef = 3E546C1328C25D5400CEBD29 /* Inter-SemiBold.ttf */; };
		3E546C1828C2607800CEBD29 /* CustomFont.swift in Sources */ = {isa = PBXBuildFile; fileRef = 3E546C1728C2607800CEBD29 /* CustomFont.swift */; };
		3E546C1B28C6664B00CEBD29 /* SignInView.swift in Sources */ = {isa = PBXBuildFile; fileRef = 3E546C1A28C6664B00CEBD29 /* SignInView.swift */; };
		3EDDEF8028BA31A30043FEEB /* test_app_swuiftuiApp.swift in Sources */ = {isa = PBXBuildFile; fileRef = 3EDDEF7F28BA31A30043FEEB /* test_app_swuiftuiApp.swift */; };
		3EDDEF8428BA31A50043FEEB /* Assets.xcassets in Resources */ = {isa = PBXBuildFile; fileRef = 3EDDEF8328BA31A50043FEEB /* Assets.xcassets */; };
		3EDDEF8728BA31A50043FEEB /* Preview Assets.xcassets in Resources */ = {isa = PBXBuildFile; fileRef = 3EDDEF8628BA31A50043FEEB /* Preview Assets.xcassets */; };
/* End PBXBuildFile section */

/* Begin PBXContainerItemProxy section */
		3EDDEF8D28BA31A50043FEEB /* PBXContainerItemProxy */ = {
			isa = PBXContainerItemProxy;
			containerPortal = 3EDDEF7428BA31A30043FEEB /* Project object */;
			proxyType = 1;
			remoteGlobalIDString = 3EDDEF7B28BA31A30043FEEB;
			remoteInfo = test_app_swuiftui;
		};
		3EDDEF9728BA31A50043FEEB /* PBXContainerItemProxy */ = {
			isa = PBXContainerItemProxy;
			containerPortal = 3EDDEF7428BA31A30043FEEB /* Project object */;
			proxyType = 1;
			remoteGlobalIDString = 3EDDEF7B28BA31A30043FEEB;
			remoteInfo = test_app_swuiftui;
		};
/* End PBXContainerItemProxy section */

/* Begin PBXFileReference section */
		3E05744828C69C08006470DE /* CustomTextField.swift */ = {isa = PBXFileReference; lastKnownFileType = sourcecode.swift; path = CustomTextField.swift; sourceTree = "<group>"; };
		3E546BFF28C2173A00CEBD29 /* OnboardingView.swift */ = {isa = PBXFileReference; lastKnownFileType = sourcecode.swift; path = OnboardingView.swift; sourceTree = "<group>"; };
		3E546C0228C218C500CEBD29 /* house.riv */ = {isa = PBXFileReference; lastKnownFileType = file; path = house.riv; sourceTree = "<group>"; };
		3E546C0328C218C500CEBD29 /* confetti.riv */ = {isa = PBXFileReference; lastKnownFileType = file; path = confetti.riv; sourceTree = "<group>"; };
		3E546C0428C218C500CEBD29 /* check.riv */ = {isa = PBXFileReference; lastKnownFileType = file; path = check.riv; sourceTree = "<group>"; };
		3E546C0528C218C500CEBD29 /* menu_button.riv */ = {isa = PBXFileReference; lastKnownFileType = file; path = menu_button.riv; sourceTree = "<group>"; };
		3E546C0628C218C500CEBD29 /* shapes.riv */ = {isa = PBXFileReference; lastKnownFileType = file; path = shapes.riv; sourceTree = "<group>"; };
		3E546C0728C218C500CEBD29 /* button.riv */ = {isa = PBXFileReference; lastKnownFileType = file; path = button.riv; sourceTree = "<group>"; };
		3E546C0828C218C500CEBD29 /* icons.riv */ = {isa = PBXFileReference; lastKnownFileType = file; path = icons.riv; sourceTree = "<group>"; };
		3E546C1128C25D5400CEBD29 /* Inter-Regular.ttf */ = {isa = PBXFileReference; lastKnownFileType = file; path = "Inter-Regular.ttf"; sourceTree = "<group>"; };
		3E546C1228C25D5400CEBD29 /* Poppins-Bold.ttf */ = {isa = PBXFileReference; lastKnownFileType = file; path = "Poppins-Bold.ttf"; sourceTree = "<group>"; };
		3E546C1328C25D5400CEBD29 /* Inter-SemiBold.ttf */ = {isa = PBXFileReference; lastKnownFileType = file; path = "Inter-SemiBold.ttf"; sourceTree = "<group>"; };
		3E546C1728C2607800CEBD29 /* CustomFont.swift */ = {isa = PBXFileReference; lastKnownFileType = sourcecode.swift; path = CustomFont.swift; sourceTree = "<group>"; };
		3E546C1928C65E4600CEBD29 /* test-app-swuiftui-Info.plist */ = {isa = PBXFileReference; lastKnownFileType = text.plist; path = "test-app-swuiftui-Info.plist"; sourceTree = SOURCE_ROOT; };
		3E546C1A28C6664B00CEBD29 /* SignInView.swift */ = {isa = PBXFileReference; lastKnownFileType = sourcecode.swift; path = SignInView.swift; sourceTree = "<group>"; };
		3EDDEF7C28BA31A30043FEEB /* test_app_swuiftui.app */ = {isa = PBXFileReference; explicitFileType = wrapper.application; includeInIndex = 0; path = test_app_swuiftui.app; sourceTree = BUILT_PRODUCTS_DIR; };
		3EDDEF7F28BA31A30043FEEB /* test_app_swuiftuiApp.swift */ = {isa = PBXFileReference; lastKnownFileType = sourcecode.swift; path = test_app_swuiftuiApp.swift; sourceTree = "<group>"; };
		3EDDEF8328BA31A50043FEEB /* Assets.xcassets */ = {isa = PBXFileReference; lastKnownFileType = folder.assetcatalog; path = Assets.xcassets; sourceTree = "<group>"; };
		3EDDEF8628BA31A50043FEEB /* Preview Assets.xcassets */ = {isa = PBXFileReference; lastKnownFileType = folder.assetcatalog; path = "Preview Assets.xcassets"; sourceTree = "<group>"; };
		3EDDEF8C28BA31A50043FEEB /* test_app_swuiftuiTests.xctest */ = {isa = PBXFileReference; explicitFileType = wrapper.cfbundle; includeInIndex = 0; path = test_app_swuiftuiTests.xctest; sourceTree = BUILT_PRODUCTS_DIR; };
		3EDDEF9628BA31A50043FEEB /* test_app_swuiftuiUITests.xctest */ = {isa = PBXFileReference; explicitFileType = wrapper.cfbundle; includeInIndex = 0; path = test_app_swuiftuiUITests.xctest; sourceTree = BUILT_PRODUCTS_DIR; };
/* End PBXFileReference section */

/* Begin PBXFrameworksBuildPhase section */
		3EDDEF7928BA31A30043FEEB /* Frameworks */ = {
			isa = PBXFrameworksBuildPhase;
			buildActionMask = 2147483647;
			files = (
				3E546BFE28C2163400CEBD29 /* RiveRuntime in Frameworks */,
			);
			runOnlyForDeploymentPostprocessing = 0;
		};
		3EDDEF8928BA31A50043FEEB /* Frameworks */ = {
			isa = PBXFrameworksBuildPhase;
			buildActionMask = 2147483647;
			files = (
			);
			runOnlyForDeploymentPostprocessing = 0;
		};
		3EDDEF9328BA31A50043FEEB /* Frameworks */ = {
			isa = PBXFrameworksBuildPhase;
			buildActionMask = 2147483647;
			files = (
			);
			runOnlyForDeploymentPostprocessing = 0;
		};
/* End PBXFrameworksBuildPhase section */

/* Begin PBXGroup section */
		3E546C0128C218C500CEBD29 /* RiveAssets */ = {
			isa = PBXGroup;
			children = (
				3E546C0228C218C500CEBD29 /* house.riv */,
				3E546C0328C218C500CEBD29 /* confetti.riv */,
				3E546C0428C218C500CEBD29 /* check.riv */,
				3E546C0528C218C500CEBD29 /* menu_button.riv */,
				3E546C0628C218C500CEBD29 /* shapes.riv */,
				3E546C0728C218C500CEBD29 /* button.riv */,
				3E546C0828C218C500CEBD29 /* icons.riv */,
			);
			path = RiveAssets;
			sourceTree = "<group>";
		};
		3E546C1028C25D5400CEBD29 /* Fonts */ = {
			isa = PBXGroup;
			children = (
				3E546C1128C25D5400CEBD29 /* Inter-Regular.ttf */,
				3E546C1228C25D5400CEBD29 /* Poppins-Bold.ttf */,
				3E546C1328C25D5400CEBD29 /* Inter-SemiBold.ttf */,
			);
			path = Fonts;
			sourceTree = "<group>";
		};
		3EDDEF7328BA31A30043FEEB = {
			isa = PBXGroup;
			children = (
				3EDDEF7E28BA31A30043FEEB /* test_app_swuiftui */,
				3EDDEF7D28BA31A30043FEEB /* Products */,
			);
			sourceTree = "<group>";
		};
		3EDDEF7D28BA31A30043FEEB /* Products */ = {
			isa = PBXGroup;
			children = (
				3EDDEF7C28BA31A30043FEEB /* test_app_swuiftui.app */,
				3EDDEF8C28BA31A50043FEEB /* test_app_swuiftuiTests.xctest */,
				3EDDEF9628BA31A50043FEEB /* test_app_swuiftuiUITests.xctest */,
			);
			name = Products;
			sourceTree = "<group>";
		};
		3EDDEF7E28BA31A30043FEEB /* test_app_swuiftui */ = {
			isa = PBXGroup;
			children = (
				3E546C1928C65E4600CEBD29 /* test-app-swuiftui-Info.plist */,
				3EDDEF7F28BA31A30043FEEB /* test_app_swuiftuiApp.swift */,
				3E546BFF28C2173A00CEBD29 /* OnboardingView.swift */,
				3E546C1A28C6664B00CEBD29 /* SignInView.swift */,
				3E05744828C69C08006470DE /* CustomTextField.swift */,
				3E546C1728C2607800CEBD29 /* CustomFont.swift */,
				3EDDEF8328BA31A50043FEEB /* Assets.xcassets */,
				3E546C1028C25D5400CEBD29 /* Fonts */,
				3E546C0128C218C500CEBD29 /* RiveAssets */,
				3EDDEF8528BA31A50043FEEB /* Preview Content */,
			);
			path = test_app_swuiftui;
			sourceTree = "<group>";
		};
		3EDDEF8528BA31A50043FEEB /* Preview Content */ = {
			isa = PBXGroup;
			children = (
				3EDDEF8628BA31A50043FEEB /* Preview Assets.xcassets */,
			);
			path = "Preview Content";
			sourceTree = "<group>";
		};
/* End PBXGroup section */

/* Begin PBXNativeTarget section */
		3EDDEF7B28BA31A30043FEEB /* test_app_swuiftui */ = {
			isa = PBXNativeTarget;
			buildConfigurationList = 3EDDEFA028BA31A50043FEEB /* Build configuration list for PBXNativeTarget "test_app_swuiftui" */;
			buildPhases = (
				3EDDEF7828BA31A30043FEEB /* Sources */,
				3EDDEF7928BA31A30043FEEB /* Frameworks */,
				3EDDEF7A28BA31A30043FEEB /* Resources */,
			);
			buildRules = (
			);
			dependencies = (
			);
			name = test_app_swuiftui;
			packageProductDependencies = (
				3E546BFD28C2163400CEBD29 /* RiveRuntime */,
			);
			productName = test_app_swuiftui;
			productReference = 3EDDEF7C28BA31A30043FEEB /* test_app_swuiftui.app */;
			productType = "com.apple.product-type.application";
		};
		3EDDEF8B28BA31A50043FEEB /* test_app_swuiftuiTests */ = {
			isa = PBXNativeTarget;
			buildConfigurationList = 3EDDEFA328BA31A50043FEEB /* Build configuration list for PBXNativeTarget "test_app_swuiftuiTests" */;
			buildPhases = (
				3EDDEF8828BA31A50043FEEB /* Sources */,
				3EDDEF8928BA31A50043FEEB /* Frameworks */,
				3EDDEF8A28BA31A50043FEEB /* Resources */,
			);
			buildRules = (
			);
			dependencies = (
				3EDDEF8E28BA31A50043FEEB /* PBXTargetDependency */,
			);
			name = test_app_swuiftuiTests;
			productName = test_app_swuiftuiTests;
			productReference = 3EDDEF8C28BA31A50043FEEB /* test_app_swuiftuiTests.xctest */;
			productType = "com.apple.product-type.bundle.unit-test";
		};
		3EDDEF9528BA31A50043FEEB /* test_app_swuiftuiUITests */ = {
			isa = PBXNativeTarget;
			buildConfigurationList = 3EDDEFA628BA31A50043FEEB /* Build configuration list for PBXNativeTarget "test_app_swuiftuiUITests" */;
			buildPhases = (
				3EDDEF9228BA31A50043FEEB /* Sources */,
				3EDDEF9328BA31A50043FEEB /* Frameworks */,
				3EDDEF9428BA31A50043FEEB /* Resources */,
			);
			buildRules = (
			);
			dependencies = (
				3EDDEF9828BA31A50043FEEB /* PBXTargetDependency */,
			);
			name = test_app_swuiftuiUITests;
			productName = test_app_swuiftuiUITests;
			productReference = 3EDDEF9628BA31A50043FEEB /* test_app_swuiftuiUITests.xctest */;
			productType = "com.apple.product-type.bundle.ui-testing";
		};
/* End PBXNativeTarget section */

/* Begin PBXProject section */
		3EDDEF7428BA31A30043FEEB /* Project object */ = {
			isa = PBXProject;
			attributes = {
				BuildIndependentTargetsInParallel = 1;
				LastSwiftUpdateCheck = 1340;
				LastUpgradeCheck = 1340;
				TargetAttributes = {
					3EDDEF7B28BA31A30043FEEB = {
						CreatedOnToolsVersion = 13.4.1;
					};
					3EDDEF8B28BA31A50043FEEB = {
						CreatedOnToolsVersion = 13.4.1;
						TestTargetID = 3EDDEF7B28BA31A30043FEEB;
					};
					3EDDEF9528BA31A50043FEEB = {
						CreatedOnToolsVersion = 13.4.1;
						TestTargetID = 3EDDEF7B28BA31A30043FEEB;
					};
				};
			};
			buildConfigurationList = 3EDDEF7728BA31A30043FEEB /* Build configuration list for PBXProject "test_app_swuiftui" */;
			compatibilityVersion = "Xcode 13.0";
			developmentRegion = en;
			hasScannedForEncodings = 0;
			knownRegions = (
				en,
				Base,
			);
			mainGroup = 3EDDEF7328BA31A30043FEEB;
			packageReferences = (
				3E546BFC28C2163400CEBD29 /* XCRemoteSwiftPackageReference "rive-ios" */,
			);
			productRefGroup = 3EDDEF7D28BA31A30043FEEB /* Products */;
			projectDirPath = "";
			projectRoot = "";
			targets = (
				3EDDEF7B28BA31A30043FEEB /* test_app_swuiftui */,
				3EDDEF8B28BA31A50043FEEB /* test_app_swuiftuiTests */,
				3EDDEF9528BA31A50043FEEB /* test_app_swuiftuiUITests */,
			);
		};
/* End PBXProject section */

/* Begin PBXResourcesBuildPhase section */
		3EDDEF7A28BA31A30043FEEB /* Resources */ = {
			isa = PBXResourcesBuildPhase;
			buildActionMask = 2147483647;
			files = (
				3E546C1628C25D5400CEBD29 /* Inter-SemiBold.ttf in Resources */,
				3E546C0D28C218C500CEBD29 /* shapes.riv in Resources */,
				3E546C0B28C218C500CEBD29 /* check.riv in Resources */,
				3EDDEF8728BA31A50043FEEB /* Preview Assets.xcassets in Resources */,
				3E546C0C28C218C500CEBD29 /* menu_button.riv in Resources */,
				3E546C0928C218C500CEBD29 /* house.riv in Resources */,
				3E546C0E28C218C500CEBD29 /* button.riv in Resources */,
				3E546C1428C25D5400CEBD29 /* Inter-Regular.ttf in Resources */,
				3E546C1528C25D5400CEBD29 /* Poppins-Bold.ttf in Resources */,
				3EDDEF8428BA31A50043FEEB /* Assets.xcassets in Resources */,
				3E546C0A28C218C500CEBD29 /* confetti.riv in Resources */,
				3E546C0F28C218C500CEBD29 /* icons.riv in Resources */,
			);
			runOnlyForDeploymentPostprocessing = 0;
		};
		3EDDEF8A28BA31A50043FEEB /* Resources */ = {
			isa = PBXResourcesBuildPhase;
			buildActionMask = 2147483647;
			files = (
			);
			runOnlyForDeploymentPostprocessing = 0;
		};
		3EDDEF9428BA31A50043FEEB /* Resources */ = {
			isa = PBXResourcesBuildPhase;
			buildActionMask = 2147483647;
			files = (
			);
			runOnlyForDeploymentPostprocessing = 0;
		};
/* End PBXResourcesBuildPhase section */

/* Begin PBXSourcesBuildPhase section */
		3EDDEF7828BA31A30043FEEB /* Sources */ = {
			isa = PBXSourcesBuildPhase;
			buildActionMask = 2147483647;
			files = (
				3E546C0028C2173A00CEBD29 /* OnboardingView.swift in Sources */,
				3E546C1828C2607800CEBD29 /* CustomFont.swift in Sources */,
				3E05744928C69C08006470DE /* CustomTextField.swift in Sources */,
				3EDDEF8028BA31A30043FEEB /* test_app_swuiftuiApp.swift in Sources */,
				3E546C1B28C6664B00CEBD29 /* SignInView.swift in Sources */,
			);
			runOnlyForDeploymentPostprocessing = 0;
		};
		3EDDEF8828BA31A50043FEEB /* Sources */ = {
			isa = PBXSourcesBuildPhase;
			buildActionMask = 2147483647;
			files = (
			);
			runOnlyForDeploymentPostprocessing = 0;
		};
		3EDDEF9228BA31A50043FEEB /* Sources */ = {
			isa = PBXSourcesBuildPhase;
			buildActionMask = 2147483647;
			files = (
			);
			runOnlyForDeploymentPostprocessing = 0;
		};
/* End PBXSourcesBuildPhase section */

/* Begin PBXTargetDependency section */
		3EDDEF8E28BA31A50043FEEB /* PBXTargetDependency */ = {
			isa = PBXTargetDependency;
			target = 3EDDEF7B28BA31A30043FEEB /* test_app_swuiftui */;
			targetProxy = 3EDDEF8D28BA31A50043FEEB /* PBXContainerItemProxy */;
		};
		3EDDEF9828BA31A50043FEEB /* PBXTargetDependency */ = {
			isa = PBXTargetDependency;
			target = 3EDDEF7B28BA31A30043FEEB /* test_app_swuiftui */;
			targetProxy = 3EDDEF9728BA31A50043FEEB /* PBXContainerItemProxy */;
		};
/* End PBXTargetDependency section */

/* Begin XCBuildConfiguration section */
		3EDDEF9E28BA31A50043FEEB /* Debug */ = {
			isa = XCBuildConfiguration;
			buildSettings = {
				ALWAYS_SEARCH_USER_PATHS = NO;
				CLANG_ANALYZER_NONNULL = YES;
				CLANG_ANALYZER_NUMBER_OBJECT_CONVERSION = YES_AGGRESSIVE;
				CLANG_CXX_LANGUAGE_STANDARD = "gnu++17";
				CLANG_ENABLE_MODULES = YES;
				CLANG_ENABLE_OBJC_ARC = YES;
				CLANG_ENABLE_OBJC_WEAK = YES;
				CLANG_WARN_BLOCK_CAPTURE_AUTORELEASING = YES;
				CLANG_WARN_BOOL_CONVERSION = YES;
				CLANG_WARN_COMMA = YES;
				CLANG_WARN_CONSTANT_CONVERSION = YES;
				CLANG_WARN_DEPRECATED_OBJC_IMPLEMENTATIONS = YES;
				CLANG_WARN_DIRECT_OBJC_ISA_USAGE = YES_ERROR;
				CLANG_WARN_DOCUMENTATION_COMMENTS = YES;
				CLANG_WARN_EMPTY_BODY = YES;
				CLANG_WARN_ENUM_CONVERSION = YES;
				CLANG_WARN_INFINITE_RECURSION = YES;
				CLANG_WARN_INT_CONVERSION = YES;
				CLANG_WARN_NON_LITERAL_NULL_CONVERSION = YES;
				CLANG_WARN_OBJC_IMPLICIT_RETAIN_SELF = YES;
				CLANG_WARN_OBJC_LITERAL_CONVERSION = YES;
				CLANG_WARN_OBJC_ROOT_CLASS = YES_ERROR;
				CLANG_WARN_QUOTED_INCLUDE_IN_FRAMEWORK_HEADER = YES;
				CLANG_WARN_RANGE_LOOP_ANALYSIS = YES;
				CLANG_WARN_STRICT_PROTOTYPES = YES;
				CLANG_WARN_SUSPICIOUS_MOVE = YES;
				CLANG_WARN_UNGUARDED_AVAILABILITY = YES_AGGRESSIVE;
				CLANG_WARN_UNREACHABLE_CODE = YES;
				CLANG_WARN__DUPLICATE_METHOD_MATCH = YES;
				COPY_PHASE_STRIP = NO;
				DEBUG_INFORMATION_FORMAT = dwarf;
				ENABLE_STRICT_OBJC_MSGSEND = YES;
				ENABLE_TESTABILITY = YES;
				GCC_C_LANGUAGE_STANDARD = gnu11;
				GCC_DYNAMIC_NO_PIC = NO;
				GCC_NO_COMMON_BLOCKS = YES;
				GCC_OPTIMIZATION_LEVEL = 0;
				GCC_PREPROCESSOR_DEFINITIONS = (
					"DEBUG=1",
					"$(inherited)",
				);
				GCC_WARN_64_TO_32_BIT_CONVERSION = YES;
				GCC_WARN_ABOUT_RETURN_TYPE = YES_ERROR;
				GCC_WARN_UNDECLARED_SELECTOR = YES;
				GCC_WARN_UNINITIALIZED_AUTOS = YES_AGGRESSIVE;
				GCC_WARN_UNUSED_FUNCTION = YES;
				GCC_WARN_UNUSED_VARIABLE = YES;
				IPHONEOS_DEPLOYMENT_TARGET = 15.5;
				MTL_ENABLE_DEBUG_INFO = INCLUDE_SOURCE;
				MTL_FAST_MATH = YES;
				ONLY_ACTIVE_ARCH = YES;
				SDKROOT = iphoneos;
				SWIFT_ACTIVE_COMPILATION_CONDITIONS = DEBUG;
				SWIFT_OPTIMIZATION_LEVEL = "-Onone";
			};
			name = Debug;
		};
		3EDDEF9F28BA31A50043FEEB /* Release */ = {
			isa = XCBuildConfiguration;
			buildSettings = {
				ALWAYS_SEARCH_USER_PATHS = NO;
				CLANG_ANALYZER_NONNULL = YES;
				CLANG_ANALYZER_NUMBER_OBJECT_CONVERSION = YES_AGGRESSIVE;
				CLANG_CXX_LANGUAGE_STANDARD = "gnu++17";
				CLANG_ENABLE_MODULES = YES;
				CLANG_ENABLE_OBJC_ARC = YES;
				CLANG_ENABLE_OBJC_WEAK = YES;
				CLANG_WARN_BLOCK_CAPTURE_AUTORELEASING = YES;
				CLANG_WARN_BOOL_CONVERSION = YES;
				CLANG_WARN_COMMA = YES;
				CLANG_WARN_CONSTANT_CONVERSION = YES;
				CLANG_WARN_DEPRECATED_OBJC_IMPLEMENTATIONS = YES;
				CLANG_WARN_DIRECT_OBJC_ISA_USAGE = YES_ERROR;
				CLANG_WARN_DOCUMENTATION_COMMENTS = YES;
				CLANG_WARN_EMPTY_BODY = YES;
				CLANG_WARN_ENUM_CONVERSION = YES;
				CLANG_WARN_INFINITE_RECURSION = YES;
				CLANG_WARN_INT_CONVERSION = YES;
				CLANG_WARN_NON_LITERAL_NULL_CONVERSION = YES;
				CLANG_WARN_OBJC_IMPLICIT_RETAIN_SELF = YES;
				CLANG_WARN_OBJC_LITERAL_CONVERSION = YES;
				CLANG_WARN_OBJC_ROOT_CLASS = YES_ERROR;
				CLANG_WARN_QUOTED_INCLUDE_IN_FRAMEWORK_HEADER = YES;
				CLANG_WARN_RANGE_LOOP_ANALYSIS = YES;
				CLANG_WARN_STRICT_PROTOTYPES = YES;
				CLANG_WARN_SUSPICIOUS_MOVE = YES;
				CLANG_WARN_UNGUARDED_AVAILABILITY = YES_AGGRESSIVE;
				CLANG_WARN_UNREACHABLE_CODE = YES;
				CLANG_WARN__DUPLICATE_METHOD_MATCH = YES;
				COPY_PHASE_STRIP = NO;
				DEBUG_INFORMATION_FORMAT = "dwarf-with-dsym";
				ENABLE_NS_ASSERTIONS = NO;
				ENABLE_STRICT_OBJC_MSGSEND = YES;
				GCC_C_LANGUAGE_STANDARD = gnu11;
				GCC_NO_COMMON_BLOCKS = YES;
				GCC_WARN_64_TO_32_BIT_CONVERSION = YES;
				GCC_WARN_ABOUT_RETURN_TYPE = YES_ERROR;
				GCC_WARN_UNDECLARED_SELECTOR = YES;
				GCC_WARN_UNINITIALIZED_AUTOS = YES_AGGRESSIVE;
				GCC_WARN_UNUSED_FUNCTION = YES;
				GCC_WARN_UNUSED_VARIABLE = YES;
				IPHONEOS_DEPLOYMENT_TARGET = 15.5;
				MTL_ENABLE_DEBUG_INFO = NO;
				MTL_FAST_MATH = YES;
				SDKROOT = iphoneos;
				SWIFT_COMPILATION_MODE = wholemodule;
				SWIFT_OPTIMIZATION_LEVEL = "-O";
				VALIDATE_PRODUCT = YES;
			};
			name = Release;
		};
		3EDDEFA128BA31A50043FEEB /* Debug */ = {
			isa = XCBuildConfiguration;
			buildSettings = {
				ASSETCATALOG_COMPILER_APPICON_NAME = AppIcon;
				ASSETCATALOG_COMPILER_GLOBAL_ACCENT_COLOR_NAME = AccentColor;
				CODE_SIGN_STYLE = Automatic;
				CURRENT_PROJECT_VERSION = 1;
				DEVELOPMENT_ASSET_PATHS = "\"test_app_swuiftui/Preview Content\"";
				DEVELOPMENT_TEAM = HANP8TG95X;
				ENABLE_PREVIEWS = YES;
				GENERATE_INFOPLIST_FILE = YES;
				INFOPLIST_FILE = "test-app-swuiftui-Info.plist";
				INFOPLIST_KEY_UIApplicationSceneManifest_Generation = YES;
				INFOPLIST_KEY_UIApplicationSupportsIndirectInputEvents = YES;
				INFOPLIST_KEY_UILaunchScreen_Generation = YES;
				INFOPLIST_KEY_UISupportedInterfaceOrientations_iPad = "UIInterfaceOrientationPortrait UIInterfaceOrientationPortraitUpsideDown UIInterfaceOrientationLandscapeLeft UIInterfaceOrientationLandscapeRight";
				INFOPLIST_KEY_UISupportedInterfaceOrientations_iPhone = "UIInterfaceOrientationPortrait UIInterfaceOrientationLandscapeLeft UIInterfaceOrientationLandscapeRight";
				LD_RUNPATH_SEARCH_PATHS = (
					"$(inherited)",
					"@executable_path/Frameworks",
				);
				MARKETING_VERSION = 1.0;
				PRODUCT_BUNDLE_IDENTIFIER = "gvbsxmoon.test-app-swuiftui";
				PRODUCT_NAME = "$(TARGET_NAME)";
				SWIFT_EMIT_LOC_STRINGS = YES;
				SWIFT_VERSION = 5.0;
				TARGETED_DEVICE_FAMILY = "1,2";
			};
			name = Debug;
		};
		3EDDEFA228BA31A50043FEEB /* Release */ = {
			isa = XCBuildConfiguration;
			buildSettings = {
				ASSETCATALOG_COMPILER_APPICON_NAME = AppIcon;
				ASSETCATALOG_COMPILER_GLOBAL_ACCENT_COLOR_NAME = AccentColor;
				CODE_SIGN_STYLE = Automatic;
				CURRENT_PROJECT_VERSION = 1;
				DEVELOPMENT_ASSET_PATHS = "\"test_app_swuiftui/Preview Content\"";
				DEVELOPMENT_TEAM = HANP8TG95X;
				ENABLE_PREVIEWS = YES;
				GENERATE_INFOPLIST_FILE = YES;
				INFOPLIST_FILE = "test-app-swuiftui-Info.plist";
				INFOPLIST_KEY_UIApplicationSceneManifest_Generation = YES;
				INFOPLIST_KEY_UIApplicationSupportsIndirectInputEvents = YES;
				INFOPLIST_KEY_UILaunchScreen_Generation = YES;
				INFOPLIST_KEY_UISupportedInterfaceOrientations_iPad = "UIInterfaceOrientationPortrait UIInterfaceOrientationPortraitUpsideDown UIInterfaceOrientationLandscapeLeft UIInterfaceOrientationLandscapeRight";
				INFOPLIST_KEY_UISupportedInterfaceOrientations_iPhone = "UIInterfaceOrientationPortrait UIInterfaceOrientationLandscapeLeft UIInterfaceOrientationLandscapeRight";
				LD_RUNPATH_SEARCH_PATHS = (
					"$(inherited)",
					"@executable_path/Frameworks",
				);
				MARKETING_VERSION = 1.0;
				PRODUCT_BUNDLE_IDENTIFIER = "gvbsxmoon.test-app-swuiftui";
				PRODUCT_NAME = "$(TARGET_NAME)";
				SWIFT_EMIT_LOC_STRINGS = YES;
				SWIFT_VERSION = 5.0;
				TARGETED_DEVICE_FAMILY = "1,2";
			};
			name = Release;
		};
		3EDDEFA428BA31A50043FEEB /* Debug */ = {
			isa = XCBuildConfiguration;
			buildSettings = {
				ALWAYS_EMBED_SWIFT_STANDARD_LIBRARIES = YES;
				BUNDLE_LOADER = "$(TEST_HOST)";
				CODE_SIGN_STYLE = Automatic;
				CURRENT_PROJECT_VERSION = 1;
				DEVELOPMENT_TEAM = HANP8TG95X;
				GENERATE_INFOPLIST_FILE = YES;
				IPHONEOS_DEPLOYMENT_TARGET = 15.5;
				MARKETING_VERSION = 1.0;
				PRODUCT_BUNDLE_IDENTIFIER = "gvbsxmoon.test-app-swuiftuiTests";
				PRODUCT_NAME = "$(TARGET_NAME)";
				SWIFT_EMIT_LOC_STRINGS = NO;
				SWIFT_VERSION = 5.0;
				TARGETED_DEVICE_FAMILY = "1,2";
				TEST_HOST = "$(BUILT_PRODUCTS_DIR)/test_app_swuiftui.app/test_app_swuiftui";
			};
			name = Debug;
		};
		3EDDEFA528BA31A50043FEEB /* Release */ = {
			isa = XCBuildConfiguration;
			buildSettings = {
				ALWAYS_EMBED_SWIFT_STANDARD_LIBRARIES = YES;
				BUNDLE_LOADER = "$(TEST_HOST)";
				CODE_SIGN_STYLE = Automatic;
				CURRENT_PROJECT_VERSION = 1;
				DEVELOPMENT_TEAM = HANP8TG95X;
				GENERATE_INFOPLIST_FILE = YES;
				IPHONEOS_DEPLOYMENT_TARGET = 15.5;
				MARKETING_VERSION = 1.0;
				PRODUCT_BUNDLE_IDENTIFIER = "gvbsxmoon.test-app-swuiftuiTests";
				PRODUCT_NAME = "$(TARGET_NAME)";
				SWIFT_EMIT_LOC_STRINGS = NO;
				SWIFT_VERSION = 5.0;
				TARGETED_DEVICE_FAMILY = "1,2";
				TEST_HOST = "$(BUILT_PRODUCTS_DIR)/test_app_swuiftui.app/test_app_swuiftui";
			};
			name = Release;
		};
		3EDDEFA728BA31A50043FEEB /* Debug */ = {
			isa = XCBuildConfiguration;
			buildSettings = {
				ALWAYS_EMBED_SWIFT_STANDARD_LIBRARIES = YES;
				CODE_SIGN_STYLE = Automatic;
				CURRENT_PROJECT_VERSION = 1;
				DEVELOPMENT_TEAM = HANP8TG95X;
				GENERATE_INFOPLIST_FILE = YES;
				MARKETING_VERSION = 1.0;
				PRODUCT_BUNDLE_IDENTIFIER = "gvbsxmoon.test-app-swuiftuiUITests";
				PRODUCT_NAME = "$(TARGET_NAME)";
				SWIFT_EMIT_LOC_STRINGS = NO;
				SWIFT_VERSION = 5.0;
				TARGETED_DEVICE_FAMILY = "1,2";
				TEST_TARGET_NAME = test_app_swuiftui;
			};
			name = Debug;
		};
		3EDDEFA828BA31A50043FEEB /* Release */ = {
			isa = XCBuildConfiguration;
			buildSettings = {
				ALWAYS_EMBED_SWIFT_STANDARD_LIBRARIES = YES;
				CODE_SIGN_STYLE = Automatic;
				CURRENT_PROJECT_VERSION = 1;
				DEVELOPMENT_TEAM = HANP8TG95X;
				GENERATE_INFOPLIST_FILE = YES;
				MARKETING_VERSION = 1.0;
				PRODUCT_BUNDLE_IDENTIFIER = "gvbsxmoon.test-app-swuiftuiUITests";
				PRODUCT_NAME = "$(TARGET_NAME)";
				SWIFT_EMIT_LOC_STRINGS = NO;
				SWIFT_VERSION = 5.0;
				TARGETED_DEVICE_FAMILY = "1,2";
				TEST_TARGET_NAME = test_app_swuiftui;
			};
			name = Release;
		};
/* End XCBuildConfiguration section */

/* Begin XCConfigurationList section */
		3EDDEF7728BA31A30043FEEB /* Build configuration list for PBXProject "test_app_swuiftui" */ = {
			isa = XCConfigurationList;
			buildConfigurations = (
				3EDDEF9E28BA31A50043FEEB /* Debug */,
				3EDDEF9F28BA31A50043FEEB /* Release */,
			);
			defaultConfigurationIsVisible = 0;
			defaultConfigurationName = Release;
		};
		3EDDEFA028BA31A50043FEEB /* Build configuration list for PBXNativeTarget "test_app_swuiftui" */ = {
			isa = XCConfigurationList;
			buildConfigurations = (
				3EDDEFA128BA31A50043FEEB /* Debug */,
				3EDDEFA228BA31A50043FEEB /* Release */,
			);
			defaultConfigurationIsVisible = 0;
			defaultConfigurationName = Release;
		};
		3EDDEFA328BA31A50043FEEB /* Build configuration list for PBXNativeTarget "test_app_swuiftuiTests" */ = {
			isa = XCConfigurationList;
			buildConfigurations = (
				3EDDEFA428BA31A50043FEEB /* Debug */,
				3EDDEFA528BA31A50043FEEB /* Release */,
			);
			defaultConfigurationIsVisible = 0;
			defaultConfigurationName = Release;
		};
		3EDDEFA628BA31A50043FEEB /* Build configuration list for PBXNativeTarget "test_app_swuiftuiUITests" */ = {
			isa = XCConfigurationList;
			buildConfigurations = (
				3EDDEFA728BA31A50043FEEB /* Debug */,
				3EDDEFA828BA31A50043FEEB /* Release */,
			);
			defaultConfigurationIsVisible = 0;
			defaultConfigurationName = Release;
		};
/* End XCConfigurationList section */

/* Begin XCRemoteSwiftPackageReference section */
		3E546BFC28C2163400CEBD29 /* XCRemoteSwiftPackageReference "rive-ios" */ = {
			isa = XCRemoteSwiftPackageReference;
			repositoryURL = "https://github.com/rive-app/rive-ios";
			requirement = {
				kind = upToNextMajorVersion;
				minimumVersion = 3.0.0;
			};
		};
/* End XCRemoteSwiftPackageReference section */

/* Begin XCSwiftPackageProductDependency section */
		3E546BFD28C2163400CEBD29 /* RiveRuntime */ = {
			isa = XCSwiftPackageProductDependency;
			package = 3E546BFC28C2163400CEBD29 /* XCRemoteSwiftPackageReference "rive-ios" */;
			productName = RiveRuntime;
		};
/* End XCSwiftPackageProductDependency section */
	};
	rootObject = 3EDDEF7428BA31A30043FEEB /* Project object */;
}
